{
    "_readme": [
        "This file locks the dependencies of your project to a known state",
        "Read more about it at https://getcomposer.org/doc/01-basic-usage.md#installing-dependencies",
        "This file is @generated automatically"
    ],
    "content-hash": "59beac71d356b49aaf4bc7f145b8eb6d",
    "packages": [
        {
            "name": "latte/latte",
            "version": "v2.11.7",
            "source": {
                "type": "git",
                "url": "https://github.com/nette/latte.git",
                "reference": "0ac0843a459790d471821f6a82f5d13db831a0d3"
            },
            "dist": {
                "type": "zip",
                "url": "https://api.github.com/repos/nette/latte/zipball/0ac0843a459790d471821f6a82f5d13db831a0d3",
                "reference": "0ac0843a459790d471821f6a82f5d13db831a0d3",
                "shasum": ""
            },
            "require": {
                "ext-json": "*",
                "ext-tokenizer": "*",
                "php": "7.1 - 8.3"
            },
            "conflict": {
                "nette/application": "<2.4.1"
            },
            "require-dev": {
                "nette/php-generator": "^3.3.4",
                "nette/tester": "^2.0",
                "nette/utils": "^3.0",
                "phpstan/phpstan": "^1",
                "tracy/tracy": "^2.3"
            },
            "suggest": {
                "ext-fileinfo": "to use filter |datastream",
                "ext-iconv": "to use filters |reverse, |substring",
                "ext-mbstring": "to use filters like lower, upper, capitalize, ...",
                "nette/php-generator": "to use tag {templatePrint}",
                "nette/utils": "to use filter |webalize"
            },
            "bin": [
                "bin/latte-lint"
            ],
            "type": "library",
            "extra": {
                "branch-alias": {
                    "dev-master": "2.11-dev"
                }
            },
            "autoload": {
                "classmap": [
                    "src/"
                ]
            },
            "notification-url": "https://packagist.org/downloads/",
            "license": [
                "BSD-3-Clause",
                "GPL-2.0-only",
                "GPL-3.0-only"
            ],
            "authors": [
                {
                    "name": "David Grudl",
                    "homepage": "https://davidgrudl.com"
                },
                {
                    "name": "Nette Community",
                    "homepage": "https://nette.org/contributors"
                }
            ],
            "description": "☕ Latte: the intuitive and fast template engine for those who want the most secure PHP sites. Introduces context-sensitive escaping.",
            "homepage": "https://latte.nette.org",
            "keywords": [
                "context-sensitive",
                "engine",
                "escaping",
                "html",
                "nette",
                "security",
                "template",
                "twig"
            ],
            "support": {
                "issues": "https://github.com/nette/latte/issues",
                "source": "https://github.com/nette/latte/tree/v2.11.7"
            },
            "time": "2023-10-18T17:16:11+00:00"
        },
        {
            "name": "mezon/router",
            "version": "1.3.0",
            "source": {
                "type": "git",
                "url": "https://github.com/alexdodonov/mezon-router.git",
                "reference": "56b816e38b0ae060a1884ab95ecda781212a4cba"
            },
            "dist": {
                "type": "zip",
                "url": "https://api.github.com/repos/alexdodonov/mezon-router/zipball/56b816e38b0ae060a1884ab95ecda781212a4cba",
                "reference": "56b816e38b0ae060a1884ab95ecda781212a4cba",
                "shasum": ""
            },
            "require": {
                "php": ">=7.2.0"
            },
            "require-dev": {
                "mezon/functional": "^1.0",
                "phpunit/phpunit": "^8.5"
            },
            "type": "library",
            "autoload": {
                "psr-4": {
                    "Mezon\\Router\\": "Mezon/Router/"
                }
            },
            "notification-url": "https://packagist.org/downloads/",
            "license": [
                "MIT"
            ],
            "authors": [
                {
                    "name": "Dodonov Alexey",
                    "email": "alexey@dodonov.pro",
                    "homepage": "http://gdzone.ru",
                    "role": "Founder"
                }
            ],
            "description": "Small and fast routing framework",
            "homepage": "https://github.com/alexdodonov/mezon-router",
            "support": {
                "email": "alexey@dodonov.pro",
                "issues": "https://github.com/alexdodonov/mezon-router/issues",
                "source": "https://github.com/alexdodonov/mezon-router"
            },
            "time": "2021-02-15T16:59:43+00:00"
        },
        {
            "name": "nette/caching",
            "version": "v3.1.4",
            "source": {
                "type": "git",
                "url": "https://github.com/nette/caching.git",
                "reference": "e1e38105956bb631e2295ef7a2fdef83485238e9"
            },
            "dist": {
                "type": "zip",
                "url": "https://api.github.com/repos/nette/caching/zipball/e1e38105956bb631e2295ef7a2fdef83485238e9",
                "reference": "e1e38105956bb631e2295ef7a2fdef83485238e9",
                "shasum": ""
            },
            "require": {
                "nette/finder": "^2.4 || ^3.0",
                "nette/utils": "^2.4 || ^3.0",
                "php": ">=7.2 <8.3"
            },
            "require-dev": {
                "latte/latte": "^2.11 || ^3.0",
                "nette/di": "^v3.0",
                "nette/tester": "^2.0",
                "phpstan/phpstan": "^0.12",
                "tracy/tracy": "^2.4"
            },
            "suggest": {
                "ext-pdo_sqlite": "to use SQLiteStorage or SQLiteJournal"
            },
            "type": "library",
            "extra": {
                "branch-alias": {
                    "dev-master": "3.1-dev"
                }
            },
            "autoload": {
                "classmap": [
                    "src/"
                ]
            },
            "notification-url": "https://packagist.org/downloads/",
            "license": [
                "BSD-3-Clause",
                "GPL-2.0-only",
                "GPL-3.0-only"
            ],
            "authors": [
                {
                    "name": "David Grudl",
                    "homepage": "https://davidgrudl.com"
                },
                {
                    "name": "Nette Community",
                    "homepage": "https://nette.org/contributors"
                }
            ],
            "description": "⏱ Nette Caching: library with easy-to-use API and many cache backends.",
            "homepage": "https://nette.org",
            "keywords": [
                "cache",
                "journal",
                "memcached",
                "nette",
                "sqlite"
            ],
            "support": {
                "issues": "https://github.com/nette/caching/issues",
                "source": "https://github.com/nette/caching/tree/v3.1.4"
            },
            "time": "2022-10-18T23:27:44+00:00"
        },
        {
            "name": "nette/component-model",
            "version": "v3.0.3",
            "source": {
                "type": "git",
                "url": "https://github.com/nette/component-model.git",
                "reference": "9d97c0e1916bbf8e306283ab187834501fd4b1f5"
            },
            "dist": {
                "type": "zip",
                "url": "https://api.github.com/repos/nette/component-model/zipball/9d97c0e1916bbf8e306283ab187834501fd4b1f5",
                "reference": "9d97c0e1916bbf8e306283ab187834501fd4b1f5",
                "shasum": ""
            },
            "require": {
                "nette/utils": "^2.5 || ^3.0 || ~4.0.0",
                "php": ">=7.1"
            },
            "require-dev": {
                "nette/tester": "^2.0",
                "phpstan/phpstan": "^0.12",
                "tracy/tracy": "^2.3"
            },
            "type": "library",
            "extra": {
                "branch-alias": {
                    "dev-master": "3.0-dev"
                }
            },
            "autoload": {
                "classmap": [
                    "src/"
                ]
            },
            "notification-url": "https://packagist.org/downloads/",
            "license": [
                "BSD-3-Clause",
                "GPL-2.0-only",
                "GPL-3.0-only"
            ],
            "authors": [
                {
                    "name": "David Grudl",
                    "homepage": "https://davidgrudl.com"
                },
                {
                    "name": "Nette Community",
                    "homepage": "https://nette.org/contributors"
                }
            ],
            "description": "⚛ Nette Component Model",
            "homepage": "https://nette.org",
            "keywords": [
                "components",
                "nette"
            ],
            "support": {
                "issues": "https://github.com/nette/component-model/issues",
                "source": "https://github.com/nette/component-model/tree/v3.0.3"
            },
            "time": "2023-01-09T20:16:05+00:00"
        },
        {
            "name": "nette/database",
            "version": "v3.1.7",
            "source": {
                "type": "git",
                "url": "https://github.com/nette/database.git",
                "reference": "1c37d95647429560c5a3df595f2159451825665e"
            },
            "dist": {
                "type": "zip",
                "url": "https://api.github.com/repos/nette/database/zipball/1c37d95647429560c5a3df595f2159451825665e",
                "reference": "1c37d95647429560c5a3df595f2159451825665e",
                "shasum": ""
            },
            "require": {
                "ext-pdo": "*",
                "nette/caching": "^3.0",
                "nette/utils": "^3.2.1 || ~4.0.0",
                "php": ">=7.2 <8.3"
            },
            "conflict": {
                "nette/di": "<3.0-stable"
            },
            "require-dev": {
                "mockery/mockery": "^1.3.4",
                "nette/di": "^v3.0",
                "nette/tester": "^2.4",
                "phpstan/phpstan-nette": "^0.12",
                "tracy/tracy": "^2.4"
            },
            "type": "library",
            "extra": {
                "branch-alias": {
                    "dev-master": "3.1-dev"
                }
            },
            "autoload": {
                "classmap": [
                    "src/"
                ]
            },
            "notification-url": "https://packagist.org/downloads/",
            "license": [
                "BSD-3-Clause",
                "GPL-2.0-only",
                "GPL-3.0-only"
            ],
            "authors": [
                {
                    "name": "David Grudl",
                    "homepage": "https://davidgrudl.com"
                },
                {
                    "name": "Nette Community",
                    "homepage": "https://nette.org/contributors"
                }
            ],
            "description": "💾 Nette Database: layer with a familiar PDO-like API but much more powerful. Building queries, advanced joins, drivers for MySQL, PostgreSQL, SQLite, MS SQL Server and Oracle.",
            "homepage": "https://nette.org",
            "keywords": [
                "database",
                "mssql",
                "mysql",
                "nette",
                "notorm",
                "oracle",
                "pdo",
                "postgresql",
                "queries",
                "sqlite"
            ],
            "support": {
                "issues": "https://github.com/nette/database/issues",
                "source": "https://github.com/nette/database/tree/v3.1.7"
            },
            "time": "2023-01-13T00:24:20+00:00"
        },
        {
            "name": "nette/finder",
            "version": "v2.6.0",
            "source": {
                "type": "git",
                "url": "https://github.com/nette/finder.git",
                "reference": "991aefb42860abeab8e003970c3809a9d83cb932"
            },
            "dist": {
                "type": "zip",
                "url": "https://api.github.com/repos/nette/finder/zipball/991aefb42860abeab8e003970c3809a9d83cb932",
                "reference": "991aefb42860abeab8e003970c3809a9d83cb932",
                "shasum": ""
            },
            "require": {
                "nette/utils": "^2.4 || ^3.0",
                "php": ">=7.1"
            },
            "conflict": {
                "nette/nette": "<2.2"
            },
            "require-dev": {
                "nette/tester": "^2.0",
                "phpstan/phpstan": "^0.12",
                "tracy/tracy": "^2.3"
            },
            "type": "library",
            "extra": {
                "branch-alias": {
                    "dev-master": "2.6-dev"
                }
            },
            "autoload": {
                "classmap": [
                    "src/"
                ]
            },
            "notification-url": "https://packagist.org/downloads/",
            "license": [
                "BSD-3-Clause",
                "GPL-2.0-only",
                "GPL-3.0-only"
            ],
            "authors": [
                {
                    "name": "David Grudl",
                    "homepage": "https://davidgrudl.com"
                },
                {
                    "name": "Nette Community",
                    "homepage": "https://nette.org/contributors"
                }
            ],
            "description": "🔍 Nette Finder: find files and directories with an intuitive API.",
            "homepage": "https://nette.org",
            "keywords": [
                "filesystem",
                "glob",
                "iterator",
                "nette"
            ],
            "support": {
                "issues": "https://github.com/nette/finder/issues",
                "source": "https://github.com/nette/finder/tree/v2.6.0"
            },
            "time": "2022-10-13T01:31:15+00:00"
        },
        {
            "name": "nette/forms",
            "version": "v3.1.12",
            "source": {
                "type": "git",
                "url": "https://github.com/nette/forms.git",
                "reference": "6c1db887a4cdaf5679203bfd658bac958fc04d99"
            },
            "dist": {
                "type": "zip",
                "url": "https://api.github.com/repos/nette/forms/zipball/6c1db887a4cdaf5679203bfd658bac958fc04d99",
                "reference": "6c1db887a4cdaf5679203bfd658bac958fc04d99",
                "shasum": ""
            },
            "require": {
                "nette/component-model": "^3.0",
                "nette/http": "^3.1",
                "nette/utils": "^3.2.5 || ~4.0.0",
                "php": "7.2 - 8.3"
            },
            "conflict": {
                "latte/latte": ">=3.1"
            },
            "require-dev": {
                "latte/latte": "^2.10.2 || ^3.0.8",
                "nette/application": "^3.0",
                "nette/di": "^3.0",
                "nette/tester": "^2.4",
                "phpstan/phpstan-nette": "^1",
                "tracy/tracy": "^2.9"
            },
            "type": "library",
            "extra": {
                "branch-alias": {
                    "dev-master": "3.1-dev"
                }
            },
            "autoload": {
                "classmap": [
                    "src/"
                ]
            },
            "notification-url": "https://packagist.org/downloads/",
            "license": [
                "BSD-3-Clause",
                "GPL-2.0-only",
                "GPL-3.0-only"
            ],
            "authors": [
                {
                    "name": "David Grudl",
                    "homepage": "https://davidgrudl.com"
                },
                {
                    "name": "Nette Community",
                    "homepage": "https://nette.org/contributors"
                }
            ],
            "description": "📝 Nette Forms: generating, validating and processing secure forms in PHP. Handy API, fully customizable, server & client side validation and mature design.",
            "homepage": "https://nette.org",
            "keywords": [
                "Forms",
                "bootstrap",
                "csrf",
                "javascript",
                "nette",
                "validation"
            ],
            "support": {
                "issues": "https://github.com/nette/forms/issues",
                "source": "https://github.com/nette/forms/tree/v3.1.12"
            },
            "time": "2023-10-10T00:56:51+00:00"
        },
        {
            "name": "nette/http",
            "version": "v3.2.2",
            "source": {
                "type": "git",
                "url": "https://github.com/nette/http.git",
                "reference": "9105c26de3dd47da5e7cf6b4132b5d871f835e25"
            },
            "dist": {
                "type": "zip",
                "url": "https://api.github.com/repos/nette/http/zipball/9105c26de3dd47da5e7cf6b4132b5d871f835e25",
                "reference": "9105c26de3dd47da5e7cf6b4132b5d871f835e25",
                "shasum": ""
            },
            "require": {
                "nette/utils": "^3.2.1 || ~4.0.0",
                "php": ">=7.2 <8.3"
            },
            "conflict": {
                "nette/di": "<3.0.3",
                "nette/schema": "<1.2"
            },
            "require-dev": {
                "nette/di": "^3.0",
                "nette/security": "^3.0",
                "nette/tester": "^2.4",
                "phpstan/phpstan": "^1.0",
                "tracy/tracy": "^2.8"
            },
            "suggest": {
                "ext-fileinfo": "to detect type of uploaded files"
            },
            "type": "library",
            "extra": {
                "branch-alias": {
                    "dev-master": "3.2-dev"
                }
            },
            "autoload": {
                "classmap": [
                    "src/"
                ]
            },
            "notification-url": "https://packagist.org/downloads/",
            "license": [
                "BSD-3-Clause",
                "GPL-2.0-only",
                "GPL-3.0-only"
            ],
            "authors": [
                {
                    "name": "David Grudl",
                    "homepage": "https://davidgrudl.com"
                },
                {
                    "name": "Nette Community",
                    "homepage": "https://nette.org/contributors"
                }
            ],
            "description": "🌐 Nette Http: abstraction for HTTP request, response and session. Provides careful data sanitization and utility for URL and cookies manipulation.",
            "homepage": "https://nette.org",
            "keywords": [
                "cookies",
                "http",
                "nette",
                "proxy",
                "request",
                "response",
                "security",
                "session",
                "url"
            ],
            "support": {
                "issues": "https://github.com/nette/http/issues",
                "source": "https://github.com/nette/http/tree/v3.2.2"
            },
            "time": "2023-03-18T14:55:56+00:00"
        },
        {
            "name": "nette/utils",
            "version": "v3.2.10",
            "source": {
                "type": "git",
                "url": "https://github.com/nette/utils.git",
                "reference": "a4175c62652f2300c8017fb7e640f9ccb11648d2"
            },
            "dist": {
                "type": "zip",
                "url": "https://api.github.com/repos/nette/utils/zipball/a4175c62652f2300c8017fb7e640f9ccb11648d2",
                "reference": "a4175c62652f2300c8017fb7e640f9ccb11648d2",
                "shasum": ""
            },
            "require": {
                "php": ">=7.2 <8.4"
            },
            "conflict": {
                "nette/di": "<3.0.6"
            },
            "require-dev": {
                "jetbrains/phpstorm-attributes": "dev-master",
                "nette/tester": "~2.0",
                "phpstan/phpstan": "^1.0",
                "tracy/tracy": "^2.3"
            },
            "suggest": {
                "ext-gd": "to use Image",
                "ext-iconv": "to use Strings::webalize(), toAscii(), chr() and reverse()",
                "ext-intl": "to use Strings::webalize(), toAscii(), normalize() and compare()",
                "ext-json": "to use Nette\\Utils\\Json",
                "ext-mbstring": "to use Strings::lower() etc...",
                "ext-tokenizer": "to use Nette\\Utils\\Reflection::getUseStatements()",
                "ext-xml": "to use Strings::length() etc. when mbstring is not available"
            },
            "type": "library",
            "extra": {
                "branch-alias": {
                    "dev-master": "3.2-dev"
                }
            },
            "autoload": {
                "classmap": [
                    "src/"
                ]
            },
            "notification-url": "https://packagist.org/downloads/",
            "license": [
                "BSD-3-Clause",
                "GPL-2.0-only",
                "GPL-3.0-only"
            ],
            "authors": [
                {
                    "name": "David Grudl",
                    "homepage": "https://davidgrudl.com"
                },
                {
                    "name": "Nette Community",
                    "homepage": "https://nette.org/contributors"
                }
            ],
            "description": "🛠  Nette Utils: lightweight utilities for string & array manipulation, image handling, safe JSON encoding/decoding, validation, slug or strong password generating etc.",
            "homepage": "https://nette.org",
            "keywords": [
                "array",
                "core",
                "datetime",
                "images",
                "json",
                "nette",
                "paginator",
                "password",
                "slugify",
                "string",
                "unicode",
                "utf-8",
                "utility",
                "validation"
            ],
            "support": {
                "issues": "https://github.com/nette/utils/issues",
                "source": "https://github.com/nette/utils/tree/v3.2.10"
            },
            "time": "2023-07-30T15:38:18+00:00"
        }
    ],
    "packages-dev": [],
    "aliases": [],
    "minimum-stability": "stable",
    "stability-flags": [],
    "prefer-stable": false,
    "prefer-lowest": false,
    "platform": [],
    "platform-dev": [],
    "plugin-api-version": "2.0.0"
}
